
Microsoft Visual Studio Solution File, Format Version 12.00
# Visual Studio Version 17
VisualStudioVersion = 17.13.35806.99 d17.13
MinimumVisualStudioVersion = 10.0.40219.1
Project("{FAE04EC0-301F-11D3-BF4B-00C04F79EFBC}") = "Kevin20250319AppWebMVC", "Kevin20250319AppWebMVC\Kevin20250319AppWebMVC.csproj", "{EBB1BD8B-68B0-49E4-80EE-247F83ED0E93}"
EndProject
Global
	GlobalSection(SolutionConfigurationPlatforms) = preSolution
		Debug|Any CPU = Debug|Any CPU
		Release|Any CPU = Release|Any CPU
	EndGlobalSection
	GlobalSection(ProjectConfigurationPlatforms) = postSolution
		{EBB1BD8B-68B0-49E4-80EE-247F83ED0E93}.Debug|Any CPU.ActiveCfg = Debug|Any CPU
		{EBB1BD8B-68B0-49E4-80EE-247F83ED0E93}.Debug|Any CPU.Build.0 = Debug|Any CPU
		{EBB1BD8B-68B0-49E4-80EE-247F83ED0E93}.Release|Any CPU.ActiveCfg = Release|Any CPU
		{EBB1BD8B-68B0-49E4-80EE-247F83ED0E93}.Release|Any CPU.Build.0 = Release|Any CPU
	EndGlobalSection
	GlobalSection(SolutionProperties) = preSolution
		HideSolutionNode = FALSE
	EndGlobalSection
	GlobalSection(ExtensibilityGlobals) = postSolution
		SolutionGuid = {EDB3F715-FA18-49CC-B9E3-C5861F76D67B}
	EndGlobalSection
EndGlobal
